# This file is generated by running "yarn install" inside your project.
# Manual changes might be lost - proceed with caution!

__metadata:
  version: 8
  cacheKey: 10c0

"flatbuffer-demo@workspace:.":
  version: 0.0.0-use.local
  resolution: "flatbuffer-demo@workspace:."
  dependencies:
    flatbuffers: "npm:^25.2.10"
    typescript: "npm:^5.7.3"
  languageName: unknown
  linkType: soft

"flatbuffers@npm:^25.2.10":
  version: 25.2.10
  resolution: "flatbuffers@npm:25.2.10"
  checksum: 10c0/2ea1ab805d4ec35fb61e7d3b69c90886e4a35683cd0460da667c234400b2fa2e3e79992a73848cf18d5995c8e7d9eaef0e54f0d0aec5192b17b0014113cf90b9
  languageName: node
  linkType: hard

"typescript@npm:^5.7.3":
  version: 5.7.3
  resolution: "typescript@npm:5.7.3"
  bin:
    tsc: bin/tsc
    tsserver: bin/tsserver
  checksum: 10c0/b7580d716cf1824736cc6e628ab4cd8b51877408ba2be0869d2866da35ef8366dd6ae9eb9d0851470a39be17cbd61df1126f9e211d8799d764ea7431d5435afa
  languageName: node
  linkType: hard

"typescript@patch:typescript@npm%3A^5.7.3#optional!builtin<compat/typescript>":
  version: 5.7.3
  resolution: "typescript@patch:typescript@npm%3A5.7.3#optional!builtin<compat/typescript>::version=5.7.3&hash=8c6c40"
  bin:
    tsc: bin/tsc
    tsserver: bin/tsserver
  checksum: 10c0/3b56d6afa03d9f6172d0b9cdb10e6b1efc9abc1608efd7a3d2f38773d5d8cfb9bbc68dfb72f0a7de5e8db04fc847f4e4baeddcd5ad9c9feda072234f0d788896
  languageName: node
  linkType: hard
